
Microsoft Visual Studio Solution File, Format Version 12.00
# Visual Studio Version 17
VisualStudioVersion = 17.11.35222.181
MinimumVisualStudioVersion = 10.0.40219.1
Project("{9A19103F-16F7-4668-BE54-9A1E7A4F7556}") = "GameAccess", "GameAccess\GameAccess.csproj", "{8DA1DD41-59EC-480F-BCFA-E5631B6A0969}"
EndProject
Global
	GlobalSection(SolutionConfigurationPlatforms) = preSolution
		Debug|Any CPU = Debug|Any CPU
		Release|Any CPU = Release|Any CPU
	EndGlobalSection
	GlobalSection(ProjectConfigurationPlatforms) = postSolution
		{8DA1DD41-59EC-480F-BCFA-E5631B6A0969}.Debug|Any CPU.ActiveCfg = Debug|Any CPU
		{8DA1DD41-59EC-480F-BCFA-E5631B6A0969}.Debug|Any CPU.Build.0 = Debug|Any CPU
		{8DA1DD41-59EC-480F-BCFA-E5631B6A0969}.Release|Any CPU.ActiveCfg = Release|Any CPU
		{8DA1DD41-59EC-480F-BCFA-E5631B6A0969}.Release|Any CPU.Build.0 = Release|Any CPU
	EndGlobalSection
	GlobalSection(SolutionProperties) = preSolution
		HideSolutionNode = FALSE
	EndGlobalSection
	GlobalSection(ExtensibilityGlobals) = postSolution
		SolutionGuid = {8557D990-CBF0-43A5-868B-618715207771}
	EndGlobalSection
EndGlobal
